
Microsoft Visual Studio Solution File, Format Version 12.00
# Visual Studio Version 17
VisualStudioVersion = 17.2.32616.157
MinimumVisualStudioVersion = 10.0.40219.1
Project("{FAE04EC0-301F-11D3-BF4B-00C04F79EFBC}") = "입출력과_사칙연산", "입출력과_사칙연산\입출력과_사칙연산.csproj", "{917787E6-9224-46F2-8E8E-6C32BF30A901}"
EndProject
Global
	GlobalSection(SolutionConfigurationPlatforms) = preSolution
		Debug|Any CPU = Debug|Any CPU
		Release|Any CPU = Release|Any CPU
	EndGlobalSection
	GlobalSection(ProjectConfigurationPlatforms) = postSolution
		{917787E6-9224-46F2-8E8E-6C32BF30A901}.Debug|Any CPU.ActiveCfg = Debug|Any CPU
		{917787E6-9224-46F2-8E8E-6C32BF30A901}.Debug|Any CPU.Build.0 = Debug|Any CPU
		{917787E6-9224-46F2-8E8E-6C32BF30A901}.Release|Any CPU.ActiveCfg = Release|Any CPU
		{917787E6-9224-46F2-8E8E-6C32BF30A901}.Release|Any CPU.Build.0 = Release|Any CPU
	EndGlobalSection
	GlobalSection(SolutionProperties) = preSolution
		HideSolutionNode = FALSE
	EndGlobalSection
	GlobalSection(ExtensibilityGlobals) = postSolution
		SolutionGuid = {9055207B-9DBD-47F9-B609-5C6D834D46B8}
	EndGlobalSection
EndGlobal
